
Microsoft Visual Studio Solution File, Format Version 12.00
# Visual Studio 2013
VisualStudioVersion = 12.0.40629.0
MinimumVisualStudioVersion = 10.0.40219.1
Project("{FAE04EC0-301F-11D3-BF4B-00C04F79EFBC}") = "RandomTest", "RandomTest\RandomTest.csproj", "{6D7DDD5D-D0B9-4759-84D4-5326CBEB4B21}"
EndProject
Project("{FAE04EC0-301F-11D3-BF4B-00C04F79EFBC}") = "Easy.Rpc", "Easy.Rpc\Easy.Rpc.csproj", "{633CC7EA-776E-4797-839C-DE5B5E4B864C}"
EndProject
Project("{FAE04EC0-301F-11D3-BF4B-00C04F79EFBC}") = "Easy.Rpc.Test", "Easy.Rpc.Test\Easy.Rpc.Test.csproj", "{81C03376-AE01-45E6-BB45-689D44D617D2}"
EndProject
Global
	GlobalSection(SolutionConfigurationPlatforms) = preSolution
		Debug|Any CPU = Debug|Any CPU
		Release|Any CPU = Release|Any CPU
	EndGlobalSection
	GlobalSection(ProjectConfigurationPlatforms) = postSolution
		{6D7DDD5D-D0B9-4759-84D4-5326CBEB4B21}.Debug|Any CPU.ActiveCfg = Debug|Any CPU
		{6D7DDD5D-D0B9-4759-84D4-5326CBEB4B21}.Debug|Any CPU.Build.0 = Debug|Any CPU
		{6D7DDD5D-D0B9-4759-84D4-5326CBEB4B21}.Release|Any CPU.ActiveCfg = Release|Any CPU
		{6D7DDD5D-D0B9-4759-84D4-5326CBEB4B21}.Release|Any CPU.Build.0 = Release|Any CPU
		{633CC7EA-776E-4797-839C-DE5B5E4B864C}.Debug|Any CPU.ActiveCfg = Debug|Any CPU
		{633CC7EA-776E-4797-839C-DE5B5E4B864C}.Debug|Any CPU.Build.0 = Debug|Any CPU
		{633CC7EA-776E-4797-839C-DE5B5E4B864C}.Release|Any CPU.ActiveCfg = Release|Any CPU
		{633CC7EA-776E-4797-839C-DE5B5E4B864C}.Release|Any CPU.Build.0 = Release|Any CPU
		{81C03376-AE01-45E6-BB45-689D44D617D2}.Debug|Any CPU.ActiveCfg = Debug|Any CPU
		{81C03376-AE01-45E6-BB45-689D44D617D2}.Debug|Any CPU.Build.0 = Debug|Any CPU
		{81C03376-AE01-45E6-BB45-689D44D617D2}.Release|Any CPU.ActiveCfg = Release|Any CPU
		{81C03376-AE01-45E6-BB45-689D44D617D2}.Release|Any CPU.Build.0 = Release|Any CPU
	EndGlobalSection
	GlobalSection(SolutionProperties) = preSolution
		HideSolutionNode = FALSE
	EndGlobalSection
EndGlobal
